
Microsoft Visual Studio Solution File, Format Version 12.00
# Visual Studio 15
VisualStudioVersion = 15.0.28307.168
MinimumVisualStudioVersion = 10.0.40219.1
Project("{FAE04EC0-301F-11D3-BF4B-00C04F79EFBC}") = "Counting Valleys", "Counting Valleys\Counting Valleys.csproj", "{D87B1C60-8AD8-4788-9B3F-ED40AC4303BC}"
EndProject
Global
	GlobalSection(SolutionConfigurationPlatforms) = preSolution
		Debug|Any CPU = Debug|Any CPU
		Release|Any CPU = Release|Any CPU
	EndGlobalSection
	GlobalSection(ProjectConfigurationPlatforms) = postSolution
		{D87B1C60-8AD8-4788-9B3F-ED40AC4303BC}.Debug|Any CPU.ActiveCfg = Debug|Any CPU
		{D87B1C60-8AD8-4788-9B3F-ED40AC4303BC}.Debug|Any CPU.Build.0 = Debug|Any CPU
		{D87B1C60-8AD8-4788-9B3F-ED40AC4303BC}.Release|Any CPU.ActiveCfg = Release|Any CPU
		{D87B1C60-8AD8-4788-9B3F-ED40AC4303BC}.Release|Any CPU.Build.0 = Release|Any CPU
	EndGlobalSection
	GlobalSection(SolutionProperties) = preSolution
		HideSolutionNode = FALSE
	EndGlobalSection
	GlobalSection(ExtensibilityGlobals) = postSolution
		SolutionGuid = {D07348DE-73C9-4A45-A077-9D5C66425DA8}
	EndGlobalSection
EndGlobal
